Microsoft Visual Studio Solution File, Format Version 12.00
# Visual Studio Version 16
VisualStudioVersion = 16.0.29102.190
MinimumVisualStudioVersion = 10.0.40219.1
Project("{FAE04EC0-301F-11D3-BF4B-00C04F79EFBC}") = "hw_03_Task1", "hw_03_Task1\hw_03_Task1.csproj", "{16A27D08-0DFE-4E9F-BCB7-D88B7FF5C59B}"
EndProject
Project("{FAE04EC0-301F-11D3-BF4B-00C04F79EFBC}") = "hw_03_Task2", "hw_03_Task2\hw_03_Task2.csproj", "{2DD0AECE-E876-4D2D-A687-AA4F1408F1ED}"
EndProject
Project("{FAE04EC0-301F-11D3-BF4B-00C04F79EFBC}") = "hw_03_Task3", "hw_03_Task3\hw_03_Task3.csproj", "{1B9026FC-40EA-4A02-BEBE-14692F1F0849}"
EndProject
Project("{FAE04EC0-301F-11D3-BF4B-00C04F79EFBC}") = "hw_03_Task4", "hw_03_Task4\hw_03_Task4.csproj", "{1821FC44-F8F1-49CB-9607-ED0BBD7BA024}"
EndProject
Project("{FAE04EC0-301F-11D3-BF4B-00C04F79EFBC}") = "hw_02_Task1", "hw_02_Task1\hw_02_Task1.csproj", "{603EEEE9-B65A-4EAA-BB41-B7B8CD9B114C}"
EndProject
Project("{FAE04EC0-301F-11D3-BF4B-00C04F79EFBC}") = "hw_02_Task2", "hw_02_Task2\hw_02_Task2.csproj", "{B007BA78-016A-486A-8410-13E6334A39E6}"
EndProject
Project("{FAE04EC0-301F-11D3-BF4B-00C04F79EFBC}") = "hw_07_Task1", "hw_07_Task1\hw_07_Task1.csproj", "{03CADB16-6675-49B1-A0BF-C53CBE158169}"
EndProject
Project("{FAE04EC0-301F-11D3-BF4B-00C04F79EFBC}") = "hw_07_Task2", "hw_07_Task2\hw_07_Task2.csproj", "{945B9419-C96B-445E-AB03-F91144434FA5}"
EndProject
Project("{FAE04EC0-301F-11D3-BF4B-00C04F79EFBC}") = "hw_07_Task3", "hw_07_Task3\hw_07_Task3.csproj", "{16AC6050-A256-473F-A0D6-B0DFFEC8BC8D}"
EndProject
Project("{FAE04EC0-301F-11D3-BF4B-00C04F79EFBC}") = "hw_08_Task1", "hw_08_Task1\hw_08_Task1.csproj", "{26805FD6-BFC3-49AA-8C82-39417786668A}"
EndProject
Project("{FAE04EC0-301F-11D3-BF4B-00C04F79EFBC}") = "hw_08_Task2", "hw_08_Task2\hw_08_Task2.csproj", "{E0E4AC6C-AE57-4725-801E-F112D09E8601}"
EndProject
Project("{FAE04EC0-301F-11D3-BF4B-00C04F79EFBC}") = "hw_0_AssemblyOne", "hw_0_AssemblyOne\hw_0_AssemblyOne.csproj", "{FCBB962D-3192-4A3D-97DA-3375B421F0D1}"
EndProject
Project("{FAE04EC0-301F-11D3-BF4B-00C04F79EFBC}") = "hw_0_AssemblyTwo", "hw_0_AssemblyTwo\hw_0_AssemblyTwo.csproj", "{477887BA-CF07-4A61-A0AA-316E9F225121}"
EndProject
Project("{FAE04EC0-301F-11D3-BF4B-00C04F79EFBC}") = "hw_10_Task", "hw_10_Task\hw_10_Task.csproj", "{844F7754-A79A-444F-85CE-9811E9885586}"
EndProject
Project("{FAE04EC0-301F-11D3-BF4B-00C04F79EFBC}") = "hw_11_Task", "hw_11_Task\hw_11_Task.csproj", "{3F06C6C0-FA46-4347-8D0B-A5FDD401E62B}"
EndProject
Project("{FAE04EC0-301F-11D3-BF4B-00C04F79EFBC}") = "hw_13_UnoqueItem", "hw_13_UnoqueItem\hw_13_UnoqueItem.csproj", "{AA6EBBE6-E7E6-45C6-9BE5-4D03B6A9FF96}"
EndProject
Project("{FAE04EC0-301F-11D3-BF4B-00C04F79EFBC}") = "hw_13_Task", "hw_13_Task\hw_13_Task.csproj", "{6BD686EE-9FBC-46CA-A5BC-A06C3065FEF0}"
EndProject
Project("{FAE04EC0-301F-11D3-BF4B-00C04F79EFBC}") = "hw_04_Task1", "hw_04_Task1\hw_04_Task1.csproj", "{88C94F3E-6B52-4B89-ACD8-957215C183DC}"
EndProject
Project("{FAE04EC0-301F-11D3-BF4B-00C04F79EFBC}") = "hw_04_Task2", "hw_04_Task2\hw_04_Task2.csproj", "{40272BA3-0BC3-4813-83EB-E426B9A2A022}"
EndProject
Project("{FAE04EC0-301F-11D3-BF4B-00C04F79EFBC}") = "hw_05_Task1", "hw_05_Task1\hw_05_Task1.csproj", "{7BF06568-CB9C-4CC1-9F82-0E669F0943C6}"
EndProject
Project("{FAE04EC0-301F-11D3-BF4B-00C04F79EFBC}") = "hw_05_Task2", "hw_05_Task2\hw_05_Task2.csproj", "{B07F5DB3-14EB-4B64-8E11-43A5E150F132}"
EndProject
Project("{FAE04EC0-301F-11D3-BF4B-00C04F79EFBC}") = "hw_05_Task3", "hw_05_Task3\hw_05_Task3.csproj", "{597988BA-26AF-451E-A4E1-C38ACD1395EC}"
EndProject
Global
	GlobalSection(SolutionConfigurationPlatforms) = preSolution
		Debug|Any CPU = Debug|Any CPU
		Release|Any CPU = Release|Any CPU
	EndGlobalSection
	GlobalSection(ProjectConfigurationPlatforms) = postSolution
		{16A27D08-0DFE-4E9F-BCB7-D88B7FF5C59B}.Debug|Any CPU.ActiveCfg = Debug|Any CPU
		{16A27D08-0DFE-4E9F-BCB7-D88B7FF5C59B}.Debug|Any CPU.Build.0 = Debug|Any CPU
		{16A27D08-0DFE-4E9F-BCB7-D88B7FF5C59B}.Release|Any CPU.ActiveCfg = Release|Any CPU
		{16A27D08-0DFE-4E9F-BCB7-D88B7FF5C59B}.Release|Any CPU.Build.0 = Release|Any CPU
		{2DD0AECE-E876-4D2D-A687-AA4F1408F1ED}.Debug|Any CPU.ActiveCfg = Debug|Any CPU
		{2DD0AECE-E876-4D2D-A687-AA4F1408F1ED}.Debug|Any CPU.Build.0 = Debug|Any CPU
		{2DD0AECE-E876-4D2D-A687-AA4F1408F1ED}.Release|Any CPU.ActiveCfg = Release|Any CPU
		{2DD0AECE-E876-4D2D-A687-AA4F1408F1ED}.Release|Any CPU.Build.0 = Release|Any CPU
		{1B9026FC-40EA-4A02-BEBE-14692F1F0849}.Debug|Any CPU.ActiveCfg = Debug|Any CPU
		{1B9026FC-40EA-4A02-BEBE-14692F1F0849}.Debug|Any CPU.Build.0 = Debug|Any CPU
		{1B9026FC-40EA-4A02-BEBE-14692F1F0849}.Release|Any CPU.ActiveCfg = Release|Any CPU
		{1B9026FC-40EA-4A02-BEBE-14692F1F0849}.Release|Any CPU.Build.0 = Release|Any CPU
		{1821FC44-F8F1-49CB-9607-ED0BBD7BA024}.Debug|Any CPU.ActiveCfg = Debug|Any CPU
		{1821FC44-F8F1-49CB-9607-ED0BBD7BA024}.Debug|Any CPU.Build.0 = Debug|Any CPU
		{1821FC44-F8F1-49CB-9607-ED0BBD7BA024}.Release|Any CPU.ActiveCfg = Release|Any CPU
		{1821FC44-F8F1-49CB-9607-ED0BBD7BA024}.Release|Any CPU.Build.0 = Release|Any CPU
		{603EEEE9-B65A-4EAA-BB41-B7B8CD9B114C}.Debug|Any CPU.ActiveCfg = Debug|Any CPU
		{603EEEE9-B65A-4EAA-BB41-B7B8CD9B114C}.Debug|Any CPU.Build.0 = Debug|Any CPU
		{603EEEE9-B65A-4EAA-BB41-B7B8CD9B114C}.Release|Any CPU.ActiveCfg = Release|Any CPU
		{603EEEE9-B65A-4EAA-BB41-B7B8CD9B114C}.Release|Any CPU.Build.0 = Release|Any CPU
		{B007BA78-016A-486A-8410-13E6334A39E6}.Debug|Any CPU.ActiveCfg = Debug|Any CPU
		{B007BA78-016A-486A-8410-13E6334A39E6}.Debug|Any CPU.Build.0 = Debug|Any CPU
		{B007BA78-016A-486A-8410-13E6334A39E6}.Release|Any CPU.ActiveCfg = Release|Any CPU
		{B007BA78-016A-486A-8410-13E6334A39E6}.Release|Any CPU.Build.0 = Release|Any CPU
		{03CADB16-6675-49B1-A0BF-C53CBE158169}.Debug|Any CPU.ActiveCfg = Debug|Any CPU
		{03CADB16-6675-49B1-A0BF-C53CBE158169}.Debug|Any CPU.Build.0 = Debug|Any CPU
		{03CADB16-6675-49B1-A0BF-C53CBE158169}.Release|Any CPU.ActiveCfg = Release|Any CPU
		{03CADB16-6675-49B1-A0BF-C53CBE158169}.Release|Any CPU.Build.0 = Release|Any CPU
		{945B9419-C96B-445E-AB03-F91144434FA5}.Debug|Any CPU.ActiveCfg = Debug|Any CPU
		{945B9419-C96B-445E-AB03-F91144434FA5}.Debug|Any CPU.Build.0 = Debug|Any CPU
		{945B9419-C96B-445E-AB03-F91144434FA5}.Release|Any CPU.ActiveCfg = Release|Any CPU
		{945B9419-C96B-445E-AB03-F91144434FA5}.Release|Any CPU.Build.0 = Release|Any CPU
		{16AC6050-A256-473F-A0D6-B0DFFEC8BC8D}.Debug|Any CPU.ActiveCfg = Debug|Any CPU
		{16AC6050-A256-473F-A0D6-B0DFFEC8BC8D}.Debug|Any CPU.Build.0 = Debug|Any CPU
		{16AC6050-A256-473F-A0D6-B0DFFEC8BC8D}.Release|Any CPU.ActiveCfg = Release|Any CPU
		{16AC6050-A256-473F-A0D6-B0DFFEC8BC8D}.Release|Any CPU.Build.0 = Release|Any CPU
		{26805FD6-BFC3-49AA-8C82-39417786668A}.Debug|Any CPU.ActiveCfg = Debug|Any CPU
		{26805FD6-BFC3-49AA-8C82-39417786668A}.Debug|Any CPU.Build.0 = Debug|Any CPU
		{26805FD6-BFC3-49AA-8C82-39417786668A}.Release|Any CPU.ActiveCfg = Release|Any CPU
		{26805FD6-BFC3-49AA-8C82-39417786668A}.Release|Any CPU.Build.0 = Release|Any CPU
		{E0E4AC6C-AE57-4725-801E-F112D09E8601}.Debug|Any CPU.ActiveCfg = Debug|Any CPU
		{E0E4AC6C-AE57-4725-801E-F112D09E8601}.Debug|Any CPU.Build.0 = Debug|Any CPU
		{E0E4AC6C-AE57-4725-801E-F112D09E8601}.Release|Any CPU.ActiveCfg = Release|Any CPU
		{E0E4AC6C-AE57-4725-801E-F112D09E8601}.Release|Any CPU.Build.0 = Release|Any CPU
		{FCBB962D-3192-4A3D-97DA-3375B421F0D1}.Debug|Any CPU.ActiveCfg = Debug|Any CPU
		{FCBB962D-3192-4A3D-97DA-3375B421F0D1}.Debug|Any CPU.Build.0 = Debug|Any CPU
		{FCBB962D-3192-4A3D-97DA-3375B421F0D1}.Release|Any CPU.ActiveCfg = Release|Any CPU
		{FCBB962D-3192-4A3D-97DA-3375B421F0D1}.Release|Any CPU.Build.0 = Release|Any CPU
		{477887BA-CF07-4A61-A0AA-316E9F225121}.Debug|Any CPU.ActiveCfg = Debug|Any CPU
		{477887BA-CF07-4A61-A0AA-316E9F225121}.Debug|Any CPU.Build.0 = Debug|Any CPU
		{477887BA-CF07-4A61-A0AA-316E9F225121}.Release|Any CPU.ActiveCfg = Release|Any CPU
		{477887BA-CF07-4A61-A0AA-316E9F225121}.Release|Any CPU.Build.0 = Release|Any CPU
		{844F7754-A79A-444F-85CE-9811E9885586}.Debug|Any CPU.ActiveCfg = Debug|Any CPU
		{844F7754-A79A-444F-85CE-9811E9885586}.Debug|Any CPU.Build.0 = Debug|Any CPU
		{844F7754-A79A-444F-85CE-9811E9885586}.Release|Any CPU.ActiveCfg = Release|Any CPU
		{844F7754-A79A-444F-85CE-9811E9885586}.Release|Any CPU.Build.0 = Release|Any CPU
		{3F06C6C0-FA46-4347-8D0B-A5FDD401E62B}.Debug|Any CPU.ActiveCfg = Debug|Any CPU
		{3F06C6C0-FA46-4347-8D0B-A5FDD401E62B}.Debug|Any CPU.Build.0 = Debug|Any CPU
		{3F06C6C0-FA46-4347-8D0B-A5FDD401E62B}.Release|Any CPU.ActiveCfg = Release|Any CPU
		{3F06C6C0-FA46-4347-8D0B-A5FDD401E62B}.Release|Any CPU.Build.0 = Release|Any CPU
		{AA6EBBE6-E7E6-45C6-9BE5-4D03B6A9FF96}.Debug|Any CPU.ActiveCfg = Debug|Any CPU
		{AA6EBBE6-E7E6-45C6-9BE5-4D03B6A9FF96}.Debug|Any CPU.Build.0 = Debug|Any CPU
		{AA6EBBE6-E7E6-45C6-9BE5-4D03B6A9FF96}.Release|Any CPU.ActiveCfg = Release|Any CPU
		{AA6EBBE6-E7E6-45C6-9BE5-4D03B6A9FF96}.Release|Any CPU.Build.0 = Release|Any CPU
		{6BD686EE-9FBC-46CA-A5BC-A06C3065FEF0}.Debug|Any CPU.ActiveCfg = Debug|Any CPU
		{6BD686EE-9FBC-46CA-A5BC-A06C3065FEF0}.Debug|Any CPU.Build.0 = Debug|Any CPU
		{6BD686EE-9FBC-46CA-A5BC-A06C3065FEF0}.Release|Any CPU.ActiveCfg = Release|Any CPU
		{6BD686EE-9FBC-46CA-A5BC-A06C3065FEF0}.Release|Any CPU.Build.0 = Release|Any CPU
		{88C94F3E-6B52-4B89-ACD8-957215C183DC}.Debug|Any CPU.ActiveCfg = Debug|Any CPU
		{88C94F3E-6B52-4B89-ACD8-957215C183DC}.Debug|Any CPU.Build.0 = Debug|Any CPU
		{88C94F3E-6B52-4B89-ACD8-957215C183DC}.Release|Any CPU.ActiveCfg = Release|Any CPU
		{88C94F3E-6B52-4B89-ACD8-957215C183DC}.Release|Any CPU.Build.0 = Release|Any CPU
		{40272BA3-0BC3-4813-83EB-E426B9A2A022}.Debug|Any CPU.ActiveCfg = Debug|Any CPU
		{40272BA3-0BC3-4813-83EB-E426B9A2A022}.Debug|Any CPU.Build.0 = Debug|Any CPU
		{40272BA3-0BC3-4813-83EB-E426B9A2A022}.Release|Any CPU.ActiveCfg = Release|Any CPU
		{40272BA3-0BC3-4813-83EB-E426B9A2A022}.Release|Any CPU.Build.0 = Release|Any CPU
		{7BF06568-CB9C-4CC1-9F82-0E669F0943C6}.Debug|Any CPU.ActiveCfg = Debug|Any CPU
		{7BF06568-CB9C-4CC1-9F82-0E669F0943C6}.Debug|Any CPU.Build.0 = Debug|Any CPU
		{7BF06568-CB9C-4CC1-9F82-0E669F0943C6}.Release|Any CPU.ActiveCfg = Release|Any CPU
		{7BF06568-CB9C-4CC1-9F82-0E669F0943C6}.Release|Any CPU.Build.0 = Release|Any CPU
		{B07F5DB3-14EB-4B64-8E11-43A5E150F132}.Debug|Any CPU.ActiveCfg = Debug|Any CPU
		{B07F5DB3-14EB-4B64-8E11-43A5E150F132}.Debug|Any CPU.Build.0 = Debug|Any CPU
		{B07F5DB3-14EB-4B64-8E11-43A5E150F132}.Release|Any CPU.ActiveCfg = Release|Any CPU
		{B07F5DB3-14EB-4B64-8E11-43A5E150F132}.Release|Any CPU.Build.0 = Release|Any CPU
		{597988BA-26AF-451E-A4E1-C38ACD1395EC}.Debug|Any CPU.ActiveCfg = Debug|Any CPU
		{597988BA-26AF-451E-A4E1-C38ACD1395EC}.Debug|Any CPU.Build.0 = Debug|Any CPU
		{597988BA-26AF-451E-A4E1-C38ACD1395EC}.Release|Any CPU.ActiveCfg = Release|Any CPU
		{597988BA-26AF-451E-A4E1-C38ACD1395EC}.Release|Any CPU.Build.0 = Release|Any CPU
	EndGlobalSection
	GlobalSection(SolutionProperties) = preSolution
		HideSolutionNode = FALSE
	EndGlobalSection
	GlobalSection(ExtensibilityGlobals) = postSolution
		SolutionGuid = {202461BF-B9BB-41A5-93F7-1A993E6035DE}
	EndGlobalSection
EndGlobal
