
Microsoft Visual Studio Solution File, Format Version 12.00
# Visual Studio Version 16
VisualStudioVersion = 16.0.29102.190
MinimumVisualStudioVersion = 10.0.40219.1
Project("{FAE04EC0-301F-11D3-BF4B-00C04F79EFBC}") = "hw_02_Task1", "hw_02_Task1\hw_02_Task1.csproj", "{603EEEE9-B65A-4EAA-BB41-B7B8CD9B114C}"
EndProject
Project("{FAE04EC0-301F-11D3-BF4B-00C04F79EFBC}") = "hw_02_Task2", "hw_02_Task2\hw_02_Task2.csproj", "{B007BA78-016A-486A-8410-13E6334A39E6}"
EndProject
Global
	GlobalSection(SolutionConfigurationPlatforms) = preSolution
		Debug|Any CPU = Debug|Any CPU
		Release|Any CPU = Release|Any CPU
	EndGlobalSection
	GlobalSection(ProjectConfigurationPlatforms) = postSolution
		{603EEEE9-B65A-4EAA-BB41-B7B8CD9B114C}.Debug|Any CPU.ActiveCfg = Debug|Any CPU
		{603EEEE9-B65A-4EAA-BB41-B7B8CD9B114C}.Debug|Any CPU.Build.0 = Debug|Any CPU
		{603EEEE9-B65A-4EAA-BB41-B7B8CD9B114C}.Release|Any CPU.ActiveCfg = Release|Any CPU
		{603EEEE9-B65A-4EAA-BB41-B7B8CD9B114C}.Release|Any CPU.Build.0 = Release|Any CPU
		{B007BA78-016A-486A-8410-13E6334A39E6}.Debug|Any CPU.ActiveCfg = Debug|Any CPU
		{B007BA78-016A-486A-8410-13E6334A39E6}.Debug|Any CPU.Build.0 = Debug|Any CPU
		{B007BA78-016A-486A-8410-13E6334A39E6}.Release|Any CPU.ActiveCfg = Release|Any CPU
		{B007BA78-016A-486A-8410-13E6334A39E6}.Release|Any CPU.Build.0 = Release|Any CPU
	EndGlobalSection
	GlobalSection(SolutionProperties) = preSolution
		HideSolutionNode = FALSE
	EndGlobalSection
	GlobalSection(ExtensibilityGlobals) = postSolution
		SolutionGuid = {202461BF-B9BB-41A5-93F7-1A993E6035DE}
	EndGlobalSection
EndGlobal
